
Microsoft Visual Studio Solution File, Format Version 12.00
# Visual Studio Version 16
VisualStudioVersion = 16.0.31005.135
MinimumVisualStudioVersion = 10.0.40219.1
Project("{9A19103F-16F7-4668-BE54-9A1E7A4F7556}") = "program", "program.csproj", "{3C1CF3F1-FC10-4756-967C-61A8A3B72EC9}"
EndProject
Global
	GlobalSection(SolutionConfigurationPlatforms) = preSolution
		Debug|Any CPU = Debug|Any CPU
		Release|Any CPU = Release|Any CPU
	EndGlobalSection
	GlobalSection(ProjectConfigurationPlatforms) = postSolution
		{3C1CF3F1-FC10-4756-967C-61A8A3B72EC9}.Debug|Any CPU.ActiveCfg = Debug|Any CPU
		{3C1CF3F1-FC10-4756-967C-61A8A3B72EC9}.Debug|Any CPU.Build.0 = Debug|Any CPU
		{3C1CF3F1-FC10-4756-967C-61A8A3B72EC9}.Release|Any CPU.ActiveCfg = Release|Any CPU
		{3C1CF3F1-FC10-4756-967C-61A8A3B72EC9}.Release|Any CPU.Build.0 = Release|Any CPU
	EndGlobalSection
	GlobalSection(SolutionProperties) = preSolution
		HideSolutionNode = FALSE
	EndGlobalSection
	GlobalSection(ExtensibilityGlobals) = postSolution
		SolutionGuid = {04512CA0-5539-4E65-B467-BD056C775421}
	EndGlobalSection
EndGlobal
